
Microsoft Visual Studio Solution File, Format Version 12.00
# Visual Studio Version 17
VisualStudioVersion = 17.9.34723.18
MinimumVisualStudioVersion = 10.0.40219.1
Project("{FAE04EC0-301F-11D3-BF4B-00C04F79EFBC}") = "webappterraformlab1", "webappterraformlab1\webappterraformlab1.csproj", "{E36DE0AB-0600-46F9-9606-C1A61DC18931}"
EndProject
Global
	GlobalSection(SolutionConfigurationPlatforms) = preSolution
		Debug|Any CPU = Debug|Any CPU
		Release|Any CPU = Release|Any CPU
	EndGlobalSection
	GlobalSection(ProjectConfigurationPlatforms) = postSolution
		{E36DE0AB-0600-46F9-9606-C1A61DC18931}.Debug|Any CPU.ActiveCfg = Debug|Any CPU
		{E36DE0AB-0600-46F9-9606-C1A61DC18931}.Debug|Any CPU.Build.0 = Debug|Any CPU
		{E36DE0AB-0600-46F9-9606-C1A61DC18931}.Release|Any CPU.ActiveCfg = Release|Any CPU
		{E36DE0AB-0600-46F9-9606-C1A61DC18931}.Release|Any CPU.Build.0 = Release|Any CPU
	EndGlobalSection
	GlobalSection(SolutionProperties) = preSolution
		HideSolutionNode = FALSE
	EndGlobalSection
	GlobalSection(ExtensibilityGlobals) = postSolution
		SolutionGuid = {798F2A59-003F-487E-834D-EDC08C33A028}
	EndGlobalSection
EndGlobal
